
Microsoft Visual Studio Solution File, Format Version 12.00
# Visual Studio Version 16
VisualStudioVersion = 16.0.32901.82
MinimumVisualStudioVersion = 10.0.40219.1
Project("{FAE04EC0-301F-11D3-BF4B-00C04F79EFBC}") = "Directory.DAL", "DirectoryDAL\Directory.DAL.csproj", "{55FECFE2-B506-416C-B420-78E5DC51D030}"
EndProject
Project("{FAE04EC0-301F-11D3-BF4B-00C04F79EFBC}") = "Directory.BLL", "DirectoryBLL\Directory.BLL.csproj", "{91F6F8F0-CA37-4383-9E63-AFE8F5FB0086}"
EndProject
Project("{FAE04EC0-301F-11D3-BF4B-00C04F79EFBC}") = "Directory.UI", "Directory.UI\Directory.UI.csproj", "{C8D0F904-4D64-40DC-A886-73B9BC49274F}"
EndProject
Project("{FAE04EC0-301F-11D3-BF4B-00C04F79EFBC}") = "Directory.MODEL", "Directory.MODEL\Directory.MODEL.csproj", "{6928C3DE-C386-4B0D-A695-1019EA87089F}"
EndProject
Project("{FAE04EC0-301F-11D3-BF4B-00C04F79EFBC}") = "Directory.MAP", "Directory.MAP\Directory.MAP.csproj", "{770862E4-1607-4FB6-B230-F77E8B4E4550}"
EndProject
Global
	GlobalSection(SolutionConfigurationPlatforms) = preSolution
		Debug|Any CPU = Debug|Any CPU
		Release|Any CPU = Release|Any CPU
	EndGlobalSection
	GlobalSection(ProjectConfigurationPlatforms) = postSolution
		{55FECFE2-B506-416C-B420-78E5DC51D030}.Debug|Any CPU.ActiveCfg = Debug|Any CPU
		{55FECFE2-B506-416C-B420-78E5DC51D030}.Debug|Any CPU.Build.0 = Debug|Any CPU
		{55FECFE2-B506-416C-B420-78E5DC51D030}.Release|Any CPU.ActiveCfg = Release|Any CPU
		{55FECFE2-B506-416C-B420-78E5DC51D030}.Release|Any CPU.Build.0 = Release|Any CPU
		{91F6F8F0-CA37-4383-9E63-AFE8F5FB0086}.Debug|Any CPU.ActiveCfg = Debug|Any CPU
		{91F6F8F0-CA37-4383-9E63-AFE8F5FB0086}.Debug|Any CPU.Build.0 = Debug|Any CPU
		{91F6F8F0-CA37-4383-9E63-AFE8F5FB0086}.Release|Any CPU.ActiveCfg = Release|Any CPU
		{91F6F8F0-CA37-4383-9E63-AFE8F5FB0086}.Release|Any CPU.Build.0 = Release|Any CPU
		{C8D0F904-4D64-40DC-A886-73B9BC49274F}.Debug|Any CPU.ActiveCfg = Debug|Any CPU
		{C8D0F904-4D64-40DC-A886-73B9BC49274F}.Debug|Any CPU.Build.0 = Debug|Any CPU
		{C8D0F904-4D64-40DC-A886-73B9BC49274F}.Release|Any CPU.ActiveCfg = Release|Any CPU
		{C8D0F904-4D64-40DC-A886-73B9BC49274F}.Release|Any CPU.Build.0 = Release|Any CPU
		{6928C3DE-C386-4B0D-A695-1019EA87089F}.Debug|Any CPU.ActiveCfg = Debug|Any CPU
		{6928C3DE-C386-4B0D-A695-1019EA87089F}.Debug|Any CPU.Build.0 = Debug|Any CPU
		{6928C3DE-C386-4B0D-A695-1019EA87089F}.Release|Any CPU.ActiveCfg = Release|Any CPU
		{6928C3DE-C386-4B0D-A695-1019EA87089F}.Release|Any CPU.Build.0 = Release|Any CPU
		{770862E4-1607-4FB6-B230-F77E8B4E4550}.Debug|Any CPU.ActiveCfg = Debug|Any CPU
		{770862E4-1607-4FB6-B230-F77E8B4E4550}.Debug|Any CPU.Build.0 = Debug|Any CPU
		{770862E4-1607-4FB6-B230-F77E8B4E4550}.Release|Any CPU.ActiveCfg = Release|Any CPU
		{770862E4-1607-4FB6-B230-F77E8B4E4550}.Release|Any CPU.Build.0 = Release|Any CPU
	EndGlobalSection
	GlobalSection(SolutionProperties) = preSolution
		HideSolutionNode = FALSE
	EndGlobalSection
	GlobalSection(ExtensibilityGlobals) = postSolution
		SolutionGuid = {91224D19-296D-40A1-A5CC-5752BD42C326}
	EndGlobalSection
EndGlobal
